
Microsoft Visual Studio Solution File, Format Version 12.00
# Visual Studio Version 17
VisualStudioVersion = 17.9.34622.214
MinimumVisualStudioVersion = 10.0.40219.1
Project("{FAE04EC0-301F-11D3-BF4B-00C04F79EFBC}") = "EmployeeApiRepository", "EmployeeApiRepository\EmployeeApiRepository.csproj", "{0E29F935-8305-4E39-9320-6C66C4C02B12}"
EndProject
Global
	GlobalSection(SolutionConfigurationPlatforms) = preSolution
		Debug|Any CPU = Debug|Any CPU
		Release|Any CPU = Release|Any CPU
	EndGlobalSection
	GlobalSection(ProjectConfigurationPlatforms) = postSolution
		{0E29F935-8305-4E39-9320-6C66C4C02B12}.Debug|Any CPU.ActiveCfg = Debug|Any CPU
		{0E29F935-8305-4E39-9320-6C66C4C02B12}.Debug|Any CPU.Build.0 = Debug|Any CPU
		{0E29F935-8305-4E39-9320-6C66C4C02B12}.Release|Any CPU.ActiveCfg = Release|Any CPU
		{0E29F935-8305-4E39-9320-6C66C4C02B12}.Release|Any CPU.Build.0 = Release|Any CPU
	EndGlobalSection
	GlobalSection(SolutionProperties) = preSolution
		HideSolutionNode = FALSE
	EndGlobalSection
	GlobalSection(ExtensibilityGlobals) = postSolution
		SolutionGuid = {027A9268-BC0A-4C63-A308-4F4BC7E63960}
	EndGlobalSection
EndGlobal
